
Microsoft Visual Studio Solution File, Format Version 12.00
# Visual Studio Version 16
VisualStudioVersion = 16.0.33130.400
MinimumVisualStudioVersion = 10.0.40219.1
Project("{FAE04EC0-301F-11D3-BF4B-00C04F79EFBC}") = "MovieApplication", "MovieApplication\MovieApplication.csproj", "{F082DE06-7014-4A22-906C-C2783097461C}"
EndProject
Global
	GlobalSection(SolutionConfigurationPlatforms) = preSolution
		Debug|Any CPU = Debug|Any CPU
		Release|Any CPU = Release|Any CPU
	EndGlobalSection
	GlobalSection(ProjectConfigurationPlatforms) = postSolution
		{F082DE06-7014-4A22-906C-C2783097461C}.Debug|Any CPU.ActiveCfg = Debug|Any CPU
		{F082DE06-7014-4A22-906C-C2783097461C}.Debug|Any CPU.Build.0 = Debug|Any CPU
		{F082DE06-7014-4A22-906C-C2783097461C}.Release|Any CPU.ActiveCfg = Release|Any CPU
		{F082DE06-7014-4A22-906C-C2783097461C}.Release|Any CPU.Build.0 = Release|Any CPU
	EndGlobalSection
	GlobalSection(SolutionProperties) = preSolution
		HideSolutionNode = FALSE
	EndGlobalSection
	GlobalSection(ExtensibilityGlobals) = postSolution
		SolutionGuid = {8DB39A04-ADD5-478E-B889-5233B4E28B1F}
	EndGlobalSection
EndGlobal
